# THIS IS AN AUTOGENERATED FILE. DO NOT EDIT THIS FILE DIRECTLY.
# yarn lockfile v1


"@ionic/storage@^3.0.6":
  "integrity" "sha512-sw+zSJINIpbQCGZR9mEtb9N0WmZLuhcMVqOZJBqLuDACAMdXqG39zmp5nSVqhGI1/9X3nd0K5gVn6icyVfUnUg=="
  "resolved" "https://registry.npmjs.org/@ionic/storage/-/storage-3.0.6.tgz"
  "version" "3.0.6"
  dependencies:
    "localforage" "^1.9.0"

"destr@^1.1.1":
  "integrity" "sha512-QqkneF8LrYmwATMdnuD2MLI3GHQIcBnG6qFC2q9bSH430VTCDAVjcspPmUaKhPGtAtPAftIUFqY1obQYQuwmbg=="
  "resolved" "https://registry.npmjs.org/destr/-/destr-1.1.1.tgz"
  "version" "1.1.1"

"immediate@~3.0.5":
  "integrity" "sha512-XXOFtyqDjNDAQxVfYxuF7g9Il/IbWmmlQg2MYKOH8ExIT1qg6xc4zyS3HaEEATgs1btfzxq15ciUiY7gjSXRGQ=="
  "resolved" "https://registry.npmjs.org/immediate/-/immediate-3.0.6.tgz"
  "version" "3.0.6"

"lie@3.1.1":
  "integrity" "sha512-RiNhHysUjhrDQntfYSfY4MU24coXXdEOgw9WGcKHNeEwffDYbF//u87M1EWaMGzuFoSbqW0C9C6lEEhDOAswfw=="
  "resolved" "https://registry.npmjs.org/lie/-/lie-3.1.1.tgz"
  "version" "3.1.1"
  dependencies:
    "immediate" "~3.0.5"

"localforage@^1.9.0":
  "integrity" "sha512-14/H1aX7hzBBmmh7sGPd+AOMkkIrHM3Z1PAyGgZigA1H1p5O5ANnMyWzvpAETtG68/dC4pC0ncy3+PPGzXZHPg=="
  "resolved" "https://registry.npmjs.org/localforage/-/localforage-1.10.0.tgz"
  "version" "1.10.0"
  dependencies:
    "lie" "3.1.1"

"node-fetch-native@^0.1.3":
  "integrity" "sha512-10EKpOCQPXwZVFh3U1ptOMWBgKTbsN7Vvo6WVKt5pw4hp8zbv6ZVBZPlXw+5M6Tyi1oc1iD4/sNPd71KYA16tQ=="
  "resolved" "https://registry.npmjs.org/node-fetch-native/-/node-fetch-native-0.1.4.tgz"
  "version" "0.1.4"

"ohmyfetch@^0.4.18":
  "integrity" "sha512-MslzNrQzBLtZHmiZBI8QMOcMpdNFlK61OJ34nFNFynZ4v+4BonfCQ7VIN4EGXvGGq5zhDzgdJoY3o9S1l2T7KQ=="
  "resolved" "https://registry.npmjs.org/ohmyfetch/-/ohmyfetch-0.4.18.tgz"
  "version" "0.4.18"
  dependencies:
    "destr" "^1.1.1"
    "node-fetch-native" "^0.1.3"
    "ufo" "^0.8.4"
    "undici" "^5.2.0"

"typescript@^4.7.4":
  "integrity" "sha512-C0WQT0gezHuw6AdY1M2jxUO83Rjf0HP7Sk1DtXj6j1EwkQNZrHAg2XPWlq62oqEhYvONq5pkC2Y9oPljWToLmQ=="
  "resolved" "https://registry.npmjs.org/typescript/-/typescript-4.7.4.tgz"
  "version" "4.7.4"

"ufo@^0.8.4":
  "integrity" "sha512-e4+UtA5IRO+ha6hYklwj6r7BjiGMxS0O+UaSg9HbaTefg4kMkzj4tXzEBajRR+wkxf+golgAWKzLbytCUDMJAA=="
  "resolved" "https://registry.npmjs.org/ufo/-/ufo-0.8.5.tgz"
  "version" "0.8.5"

"undici@^5.2.0":
  "integrity" "sha512-1F7Vtcez5w/LwH2G2tGnFIihuWUlc58YidwLiCv+jR2Z50x0tNXpRRw7eOIJ+GvqCqIkg9SB7NWAJ/T9TLfv8Q=="
  "resolved" "https://registry.npmjs.org/undici/-/undici-5.8.0.tgz"
  "version" "5.8.0"
